
Microsoft Visual Studio Solution File, Format Version 12.00
# Visual Studio Version 17
VisualStudioVersion = 17.8.34511.84
MinimumVisualStudioVersion = 10.0.40219.1
Project("{FAE04EC0-301F-11D3-BF4B-00C04F79EFBC}") = "bubble_sort", "bubble_sort.csproj", "{700B5B85-B55E-4465-80B3-412CD00B9DD2}"
EndProject
Global
	GlobalSection(SolutionConfigurationPlatforms) = preSolution
		Debug|Any CPU = Debug|Any CPU
		Release|Any CPU = Release|Any CPU
	EndGlobalSection
	GlobalSection(ProjectConfigurationPlatforms) = postSolution
		{700B5B85-B55E-4465-80B3-412CD00B9DD2}.Debug|Any CPU.ActiveCfg = Debug|Any CPU
		{700B5B85-B55E-4465-80B3-412CD00B9DD2}.Debug|Any CPU.Build.0 = Debug|Any CPU
		{700B5B85-B55E-4465-80B3-412CD00B9DD2}.Release|Any CPU.ActiveCfg = Release|Any CPU
		{700B5B85-B55E-4465-80B3-412CD00B9DD2}.Release|Any CPU.Build.0 = Release|Any CPU
	EndGlobalSection
	GlobalSection(SolutionProperties) = preSolution
		HideSolutionNode = FALSE
	EndGlobalSection
	GlobalSection(ExtensibilityGlobals) = postSolution
		SolutionGuid = {50CB652B-E345-4D57-8098-4C7E9EF83B60}
	EndGlobalSection
EndGlobal
